
Microsoft Visual Studio Solution File, Format Version 12.00
# Visual Studio Version 16
VisualStudioVersion = 16.0.29613.14
MinimumVisualStudioVersion = 10.0.40219.1
Project("{FAE04EC0-301F-11D3-BF4B-00C04F79EFBC}") = "Zad7JakubKazimierski", "Zad7JakubKazimierski\Zad7JakubKazimierski.csproj", "{B66529A0-E3A1-4762-952A-1DDC94E5064F}"
EndProject
Global
	GlobalSection(SolutionConfigurationPlatforms) = preSolution
		Debug|Any CPU = Debug|Any CPU
		Release|Any CPU = Release|Any CPU
	EndGlobalSection
	GlobalSection(ProjectConfigurationPlatforms) = postSolution
		{B66529A0-E3A1-4762-952A-1DDC94E5064F}.Debug|Any CPU.ActiveCfg = Debug|Any CPU
		{B66529A0-E3A1-4762-952A-1DDC94E5064F}.Debug|Any CPU.Build.0 = Debug|Any CPU
		{B66529A0-E3A1-4762-952A-1DDC94E5064F}.Release|Any CPU.ActiveCfg = Release|Any CPU
		{B66529A0-E3A1-4762-952A-1DDC94E5064F}.Release|Any CPU.Build.0 = Release|Any CPU
	EndGlobalSection
	GlobalSection(SolutionProperties) = preSolution
		HideSolutionNode = FALSE
	EndGlobalSection
	GlobalSection(ExtensibilityGlobals) = postSolution
		SolutionGuid = {F304A53E-2492-4557-9B86-F8073B0084CE}
	EndGlobalSection
EndGlobal
